// !$*UTF8*$!
{
	archiveVersion = 1;
	classes = {
	};
	objectVersion = 55;
	objects = {

/* Begin PBXBuildFile section */
		63255F592908D0DB00318E9F /* AppDelegate.swift in Sources */ = {isa = PBXBuildFile; fileRef = 63255F582908D0DB00318E9F /* AppDelegate.swift */; };
		63255F5B2908D0DB00318E9F /* SceneDelegate.swift in Sources */ = {isa = PBXBuildFile; fileRef = 63255F5A2908D0DB00318E9F /* SceneDelegate.swift */; };
		63255F5D2908D0DB00318E9F /* ViewController.swift in Sources */ = {isa = PBXBuildFile; fileRef = 63255F5C2908D0DB00318E9F /* ViewController.swift */; };
		63255F602908D0DB00318E9F /* Main.storyboard in Resources */ = {isa = PBXBuildFile; fileRef = 63255F5E2908D0DB00318E9F /* Main.storyboard */; };
		63255F632908D0DB00318E9F /* DemoSwift.xcdatamodeld in Sources */ = {isa = PBXBuildFile; fileRef = 63255F612908D0DB00318E9F /* DemoSwift.xcdatamodeld */; };
		63255F652908D0DD00318E9F /* Assets.xcassets in Resources */ = {isa = PBXBuildFile; fileRef = 63255F642908D0DD00318E9F /* Assets.xcassets */; };
		63255F682908D0DD00318E9F /* LaunchScreen.storyboard in Resources */ = {isa = PBXBuildFile; fileRef = 63255F662908D0DD00318E9F /* LaunchScreen.storyboard */; };
		63255F732908D0DD00318E9F /* DemoSwiftTests.swift in Sources */ = {isa = PBXBuildFile; fileRef = 63255F722908D0DD00318E9F /* DemoSwiftTests.swift */; };
		63255F7D2908D0DD00318E9F /* DemoSwiftUITests.swift in Sources */ = {isa = PBXBuildFile; fileRef = 63255F7C2908D0DD00318E9F /* DemoSwiftUITests.swift */; };
		63255F7F2908D0DD00318E9F /* DemoSwiftUITestsLaunchTests.swift in Sources */ = {isa = PBXBuildFile; fileRef = 63255F7E2908D0DD00318E9F /* DemoSwiftUITestsLaunchTests.swift */; };
/* End PBXBuildFile section */

/* Begin PBXContainerItemProxy section */
		63255F6F2908D0DD00318E9F /* PBXContainerItemProxy */ = {
			isa = PBXContainerItemProxy;
			containerPortal = 63255F4D2908D0DB00318E9F /* Project object */;
			proxyType = 1;
			remoteGlobalIDString = 63255F542908D0DB00318E9F;
			remoteInfo = DemoSwift;
		};
		63255F792908D0DD00318E9F /* PBXContainerItemProxy */ = {
			isa = PBXContainerItemProxy;
			containerPortal = 63255F4D2908D0DB00318E9F /* Project object */;
			proxyType = 1;
			remoteGlobalIDString = 63255F542908D0DB00318E9F;
			remoteInfo = DemoSwift;
		};
/* End PBXContainerItemProxy section */

/* Begin PBXFileReference section */
		63255F552908D0DB00318E9F /* DemoSwift.app */ = {isa = PBXFileReference; explicitFileType = wrapper.application; includeInIndex = 0; path = DemoSwift.app; sourceTree = BUILT_PRODUCTS_DIR; };
		63255F582908D0DB00318E9F /* AppDelegate.swift */ = {isa = PBXFileReference; lastKnownFileType = sourcecode.swift; path = AppDelegate.swift; sourceTree = "<group>"; };
		63255F5A2908D0DB00318E9F /* SceneDelegate.swift */ = {isa = PBXFileReference; lastKnownFileType = sourcecode.swift; path = SceneDelegate.swift; sourceTree = "<group>"; };
		63255F5C2908D0DB00318E9F /* ViewController.swift */ = {isa = PBXFileReference; lastKnownFileType = sourcecode.swift; path = ViewController.swift; sourceTree = "<group>"; };
		63255F5F2908D0DB00318E9F /* Base */ = {isa = PBXFileReference; lastKnownFileType = file.storyboard; name = Base; path = Base.lproj/Main.storyboard; sourceTree = "<group>"; };
		63255F622908D0DB00318E9F /* DemoSwift.xcdatamodel */ = {isa = PBXFileReference; lastKnownFileType = wrapper.xcdatamodel; path = DemoSwift.xcdatamodel; sourceTree = "<group>"; };
		63255F642908D0DD00318E9F /* Assets.xcassets */ = {isa = PBXFileReference; lastKnownFileType = folder.assetcatalog; path = Assets.xcassets; sourceTree = "<group>"; };
		63255F672908D0DD00318E9F /* Base */ = {isa = PBXFileReference; lastKnownFileType = file.storyboard; name = Base; path = Base.lproj/LaunchScreen.storyboard; sourceTree = "<group>"; };
		63255F692908D0DD00318E9F /* Info.plist */ = {isa = PBXFileReference; lastKnownFileType = text.plist.xml; path = Info.plist; sourceTree = "<group>"; };
		63255F6E2908D0DD00318E9F /* DemoSwiftTests.xctest */ = {isa = PBXFileReference; explicitFileType = wrapper.cfbundle; includeInIndex = 0; path = DemoSwiftTests.xctest; sourceTree = BUILT_PRODUCTS_DIR; };
		63255F722908D0DD00318E9F /* DemoSwiftTests.swift */ = {isa = PBXFileReference; lastKnownFileType = sourcecode.swift; path = DemoSwiftTests.swift; sourceTree = "<group>"; };
		63255F782908D0DD00318E9F /* DemoSwiftUITests.xctest */ = {isa = PBXFileReference; explicitFileType = wrapper.cfbundle; includeInIndex = 0; path = DemoSwiftUITests.xctest; sourceTree = BUILT_PRODUCTS_DIR; };
		63255F7C2908D0DD00318E9F /* DemoSwiftUITests.swift */ = {isa = PBXFileReference; lastKnownFileType = sourcecode.swift; path = DemoSwiftUITests.swift; sourceTree = "<group>"; };
		63255F7E2908D0DD00318E9F /* DemoSwiftUITestsLaunchTests.swift */ = {isa = PBXFileReference; lastKnownFileType = sourcecode.swift; path = DemoSwiftUITestsLaunchTests.swift; sourceTree = "<group>"; };
/* End PBXFileReference section */

/* Begin PBXFrameworksBuildPhase section */
		63255F522908D0DB00318E9F /* Frameworks */ = {
			isa = PBXFrameworksBuildPhase;
			buildActionMask = 2147483647;
			files = (
			);
			runOnlyForDeploymentPostprocessing = 0;
		};
		63255F6B2908D0DD00318E9F /* Frameworks */ = {
			isa = PBXFrameworksBuildPhase;
			buildActionMask = 2147483647;
			files = (
			);
			runOnlyForDeploymentPostprocessing = 0;
		};
		63255F752908D0DD00318E9F /* Frameworks */ = {
			isa = PBXFrameworksBuildPhase;
			buildActionMask = 2147483647;
			files = (
			);
			runOnlyForDeploymentPostprocessing = 0;
		};
/* End PBXFrameworksBuildPhase section */

/* Begin PBXGroup section */
		63255F4C2908D0DB00318E9F = {
			isa = PBXGroup;
			children = (
				63255F572908D0DB00318E9F /* DemoSwift */,
				63255F712908D0DD00318E9F /* DemoSwiftTests */,
				63255F7B2908D0DD00318E9F /* DemoSwiftUITests */,
				63255F562908D0DB00318E9F /* Products */,
			);
			sourceTree = "<group>";
		};
		63255F562908D0DB00318E9F /* Products */ = {
			isa = PBXGroup;
			children = (
				63255F552908D0DB00318E9F /* DemoSwift.app */,
				63255F6E2908D0DD00318E9F /* DemoSwiftTests.xctest */,
				63255F782908D0DD00318E9F /* DemoSwiftUITests.xctest */,
			);
			name = Products;
			sourceTree = "<group>";
		};
		63255F572908D0DB00318E9F /* DemoSwift */ = {
			isa = PBXGroup;
			children = (
				63255F582908D0DB00318E9F /* AppDelegate.swift */,
				63255F5A2908D0DB00318E9F /* SceneDelegate.swift */,
				63255F5C2908D0DB00318E9F /* ViewController.swift */,
				63255F5E2908D0DB00318E9F /* Main.storyboard */,
				63255F642908D0DD00318E9F /* Assets.xcassets */,
				63255F662908D0DD00318E9F /* LaunchScreen.storyboard */,
				63255F692908D0DD00318E9F /* Info.plist */,
				63255F612908D0DB00318E9F /* DemoSwift.xcdatamodeld */,
			);
			path = DemoSwift;
			sourceTree = "<group>";
		};
		63255F712908D0DD00318E9F /* DemoSwiftTests */ = {
			isa = PBXGroup;
			children = (
				63255F722908D0DD00318E9F /* DemoSwiftTests.swift */,
			);
			path = DemoSwiftTests;
			sourceTree = "<group>";
		};
		63255F7B2908D0DD00318E9F /* DemoSwiftUITests */ = {
			isa = PBXGroup;
			children = (
				63255F7C2908D0DD00318E9F /* DemoSwiftUITests.swift */,
				63255F7E2908D0DD00318E9F /* DemoSwiftUITestsLaunchTests.swift */,
			);
			path = DemoSwiftUITests;
			sourceTree = "<group>";
		};
/* End PBXGroup section */

/* Begin PBXNativeTarget section */
		63255F542908D0DB00318E9F /* DemoSwift */ = {
			isa = PBXNativeTarget;
			buildConfigurationList = 63255F822908D0DD00318E9F /* Build configuration list for PBXNativeTarget "DemoSwift" */;
			buildPhases = (
				63255F512908D0DB00318E9F /* Sources */,
				63255F522908D0DB00318E9F /* Frameworks */,
				63255F532908D0DB00318E9F /* Resources */,
			);
			buildRules = (
			);
			dependencies = (
			);
			name = DemoSwift;
			productName = DemoSwift;
			productReference = 63255F552908D0DB00318E9F /* DemoSwift.app */;
			productType = "com.apple.product-type.application";
		};
		63255F6D2908D0DD00318E9F /* DemoSwiftTests */ = {
			isa = PBXNativeTarget;
			buildConfigurationList = 63255F852908D0DD00318E9F /* Build configuration list for PBXNativeTarget "DemoSwiftTests" */;
			buildPhases = (
				63255F6A2908D0DD00318E9F /* Sources */,
				63255F6B2908D0DD00318E9F /* Frameworks */,
				63255F6C2908D0DD00318E9F /* Resources */,
			);
			buildRules = (
			);
			dependencies = (
				63255F702908D0DD00318E9F /* PBXTargetDependency */,
			);
			name = DemoSwiftTests;
			productName = DemoSwiftTests;
			productReference = 63255F6E2908D0DD00318E9F /* DemoSwiftTests.xctest */;
			productType = "com.apple.product-type.bundle.unit-test";
		};
		63255F772908D0DD00318E9F /* DemoSwiftUITests */ = {
			isa = PBXNativeTarget;
			buildConfigurationList = 63255F882908D0DD00318E9F /* Build configuration list for PBXNativeTarget "DemoSwiftUITests" */;
			buildPhases = (
				63255F742908D0DD00318E9F /* Sources */,
				63255F752908D0DD00318E9F /* Frameworks */,
				63255F762908D0DD00318E9F /* Resources */,
			);
			buildRules = (
			);
			dependencies = (
				63255F7A2908D0DD00318E9F /* PBXTargetDependency */,
			);
			name = DemoSwiftUITests;
			productName = DemoSwiftUITests;
			productReference = 63255F782908D0DD00318E9F /* DemoSwiftUITests.xctest */;
			productType = "com.apple.product-type.bundle.ui-testing";
		};
/* End PBXNativeTarget section */

/* Begin PBXProject section */
		63255F4D2908D0DB00318E9F /* Project object */ = {
			isa = PBXProject;
			attributes = {
				BuildIndependentTargetsInParallel = 1;
				LastSwiftUpdateCheck = 1330;
				LastUpgradeCheck = 1330;
				TargetAttributes = {
					63255F542908D0DB00318E9F = {
						CreatedOnToolsVersion = 13.3.1;
					};
					63255F6D2908D0DD00318E9F = {
						CreatedOnToolsVersion = 13.3.1;
						TestTargetID = 63255F542908D0DB00318E9F;
					};
					63255F772908D0DD00318E9F = {
						CreatedOnToolsVersion = 13.3.1;
						TestTargetID = 63255F542908D0DB00318E9F;
					};
				};
			};
			buildConfigurationList = 63255F502908D0DB00318E9F /* Build configuration list for PBXProject "DemoSwift" */;
			compatibilityVersion = "Xcode 13.0";
			developmentRegion = en;
			hasScannedForEncodings = 0;
			knownRegions = (
				en,
				Base,
			);
			mainGroup = 63255F4C2908D0DB00318E9F;
			productRefGroup = 63255F562908D0DB00318E9F /* Products */;
			projectDirPath = "";
			projectRoot = "";
			targets = (
				63255F542908D0DB00318E9F /* DemoSwift */,
				63255F6D2908D0DD00318E9F /* DemoSwiftTests */,
				63255F772908D0DD00318E9F /* DemoSwiftUITests */,
			);
		};
/* End PBXProject section */

/* Begin PBXResourcesBuildPhase section */
		63255F532908D0DB00318E9F /* Resources */ = {
			isa = PBXResourcesBuildPhase;
			buildActionMask = 2147483647;
			files = (
				63255F682908D0DD00318E9F /* LaunchScreen.storyboard in Resources */,
				63255F652908D0DD00318E9F /* Assets.xcassets in Resources */,
				63255F602908D0DB00318E9F /* Main.storyboard in Resources */,
			);
			runOnlyForDeploymentPostprocessing = 0;
		};
		63255F6C2908D0DD00318E9F /* Resources */ = {
			isa = PBXResourcesBuildPhase;
			buildActionMask = 2147483647;
			files = (
			);
			runOnlyForDeploymentPostprocessing = 0;
		};
		63255F762908D0DD00318E9F /* Resources */ = {
			isa = PBXResourcesBuildPhase;
			buildActionMask = 2147483647;
			files = (
			);
			runOnlyForDeploymentPostprocessing = 0;
		};
/* End PBXResourcesBuildPhase section */

/* Begin PBXSourcesBuildPhase section */
		63255F512908D0DB00318E9F /* Sources */ = {
			isa = PBXSourcesBuildPhase;
			buildActionMask = 2147483647;
			files = (
				63255F632908D0DB00318E9F /* DemoSwift.xcdatamodeld in Sources */,
				63255F5D2908D0DB00318E9F /* ViewController.swift in Sources */,
				63255F592908D0DB00318E9F /* AppDelegate.swift in Sources */,
				63255F5B2908D0DB00318E9F /* SceneDelegate.swift in Sources */,
			);
			runOnlyForDeploymentPostprocessing = 0;
		};
		63255F6A2908D0DD00318E9F /* Sources */ = {
			isa = PBXSourcesBuildPhase;
			buildActionMask = 2147483647;
			files = (
				63255F732908D0DD00318E9F /* DemoSwiftTests.swift in Sources */,
			);
			runOnlyForDeploymentPostprocessing = 0;
		};
		63255F742908D0DD00318E9F /* Sources */ = {
			isa = PBXSourcesBuildPhase;
			buildActionMask = 2147483647;
			files = (
				63255F7D2908D0DD00318E9F /* DemoSwiftUITests.swift in Sources */,
				63255F7F2908D0DD00318E9F /* DemoSwiftUITestsLaunchTests.swift in Sources */,
			);
			runOnlyForDeploymentPostprocessing = 0;
		};
/* End PBXSourcesBuildPhase section */

/* Begin PBXTargetDependency section */
		63255F702908D0DD00318E9F /* PBXTargetDependency */ = {
			isa = PBXTargetDependency;
			target = 63255F542908D0DB00318E9F /* DemoSwift */;
			targetProxy = 63255F6F2908D0DD00318E9F /* PBXContainerItemProxy */;
		};
		63255F7A2908D0DD00318E9F /* PBXTargetDependency */ = {
			isa = PBXTargetDependency;
			target = 63255F542908D0DB00318E9F /* DemoSwift */;
			targetProxy = 63255F792908D0DD00318E9F /* PBXContainerItemProxy */;
		};
/* End PBXTargetDependency section */

/* Begin PBXVariantGroup section */
		63255F5E2908D0DB00318E9F /* Main.storyboard */ = {
			isa = PBXVariantGroup;
			children = (
				63255F5F2908D0DB00318E9F /* Base */,
			);
			name = Main.storyboard;
			sourceTree = "<group>";
		};
		63255F662908D0DD00318E9F /* LaunchScreen.storyboard */ = {
			isa = PBXVariantGroup;
			children = (
				63255F672908D0DD00318E9F /* Base */,
			);
			name = LaunchScreen.storyboard;
			sourceTree = "<group>";
		};
/* End PBXVariantGroup section */

/* Begin XCBuildConfiguration section */
		63255F802908D0DD00318E9F /* Debug */ = {
			isa = XCBuildConfiguration;
			buildSettings = {
				ALWAYS_SEARCH_USER_PATHS = NO;
				CLANG_ANALYZER_NONNULL = YES;
				CLANG_ANALYZER_NUMBER_OBJECT_CONVERSION = YES_AGGRESSIVE;
				CLANG_CXX_LANGUAGE_STANDARD = "gnu++17";
				CLANG_ENABLE_MODULES = YES;
				CLANG_ENABLE_OBJC_ARC = YES;
				CLANG_ENABLE_OBJC_WEAK = YES;
				CLANG_WARN_BLOCK_CAPTURE_AUTORELEASING = YES;
				CLANG_WARN_BOOL_CONVERSION = YES;
				CLANG_WARN_COMMA = YES;
				CLANG_WARN_CONSTANT_CONVERSION = YES;
				CLANG_WARN_DEPRECATED_OBJC_IMPLEMENTATIONS = YES;
				CLANG_WARN_DIRECT_OBJC_ISA_USAGE = YES_ERROR;
				CLANG_WARN_DOCUMENTATION_COMMENTS = YES;
				CLANG_WARN_EMPTY_BODY = YES;
				CLANG_WARN_ENUM_CONVERSION = YES;
				CLANG_WARN_INFINITE_RECURSION = YES;
				CLANG_WARN_INT_CONVERSION = YES;
				CLANG_WARN_NON_LITERAL_NULL_CONVERSION = YES;
				CLANG_WARN_OBJC_IMPLICIT_RETAIN_SELF = YES;
				CLANG_WARN_OBJC_LITERAL_CONVERSION = YES;
				CLANG_WARN_OBJC_ROOT_CLASS = YES_ERROR;
				CLANG_WARN_QUOTED_INCLUDE_IN_FRAMEWORK_HEADER = YES;
				CLANG_WARN_RANGE_LOOP_ANALYSIS = YES;
				CLANG_WARN_STRICT_PROTOTYPES = YES;
				CLANG_WARN_SUSPICIOUS_MOVE = YES;
				CLANG_WARN_UNGUARDED_AVAILABILITY = YES_AGGRESSIVE;
				CLANG_WARN_UNREACHABLE_CODE = YES;
				CLANG_WARN__DUPLICATE_METHOD_MATCH = YES;
				COPY_PHASE_STRIP = NO;
				DEBUG_INFORMATION_FORMAT = dwarf;
				ENABLE_STRICT_OBJC_MSGSEND = YES;
				ENABLE_TESTABILITY = YES;
				GCC_C_LANGUAGE_STANDARD = gnu11;
				GCC_DYNAMIC_NO_PIC = NO;
				GCC_NO_COMMON_BLOCKS = YES;
				GCC_OPTIMIZATION_LEVEL = 0;
				GCC_PREPROCESSOR_DEFINITIONS = (
					"DEBUG=1",
					"$(inherited)",
				);
				GCC_WARN_64_TO_32_BIT_CONVERSION = YES;
				GCC_WARN_ABOUT_RETURN_TYPE = YES_ERROR;
				GCC_WARN_UNDECLARED_SELECTOR = YES;
				GCC_WARN_UNINITIALIZED_AUTOS = YES_AGGRESSIVE;
				GCC_WARN_UNUSED_FUNCTION = YES;
				GCC_WARN_UNUSED_VARIABLE = YES;
				IPHONEOS_DEPLOYMENT_TARGET = 15.4;
				MTL_ENABLE_DEBUG_INFO = INCLUDE_SOURCE;
				MTL_FAST_MATH = YES;
				ONLY_ACTIVE_ARCH = YES;
				SDKROOT = iphoneos;
				SWIFT_ACTIVE_COMPILATION_CONDITIONS = DEBUG;
				SWIFT_OPTIMIZATION_LEVEL = "-Onone";
			};
			name = Debug;
		};
		63255F812908D0DD00318E9F /* Release */ = {
			isa = XCBuildConfiguration;
			buildSettings = {
				ALWAYS_SEARCH_USER_PATHS = NO;
				CLANG_ANALYZER_NONNULL = YES;
				CLANG_ANALYZER_NUMBER_OBJECT_CONVERSION = YES_AGGRESSIVE;
				CLANG_CXX_LANGUAGE_STANDARD = "gnu++17";
				CLANG_ENABLE_MODULES = YES;
				CLANG_ENABLE_OBJC_ARC = YES;
				CLANG_ENABLE_OBJC_WEAK = YES;
				CLANG_WARN_BLOCK_CAPTURE_AUTORELEASING = YES;
				CLANG_WARN_BOOL_CONVERSION = YES;
				CLANG_WARN_COMMA = YES;
				CLANG_WARN_CONSTANT_CONVERSION = YES;
				CLANG_WARN_DEPRECATED_OBJC_IMPLEMENTATIONS = YES;
				CLANG_WARN_DIRECT_OBJC_ISA_USAGE = YES_ERROR;
				CLANG_WARN_DOCUMENTATION_COMMENTS = YES;
				CLANG_WARN_EMPTY_BODY = YES;
				CLANG_WARN_ENUM_CONVERSION = YES;
				CLANG_WARN_INFINITE_RECURSION = YES;
				CLANG_WARN_INT_CONVERSION = YES;
				CLANG_WARN_NON_LITERAL_NULL_CONVERSION = YES;
				CLANG_WARN_OBJC_IMPLICIT_RETAIN_SELF = YES;
				CLANG_WARN_OBJC_LITERAL_CONVERSION = YES;
				CLANG_WARN_OBJC_ROOT_CLASS = YES_ERROR;
				CLANG_WARN_QUOTED_INCLUDE_IN_FRAMEWORK_HEADER = YES;
				CLANG_WARN_RANGE_LOOP_ANALYSIS = YES;
				CLANG_WARN_STRICT_PROTOTYPES = YES;
				CLANG_WARN_SUSPICIOUS_MOVE = YES;
				CLANG_WARN_UNGUARDED_AVAILABILITY = YES_AGGRESSIVE;
				CLANG_WARN_UNREACHABLE_CODE = YES;
				CLANG_WARN__DUPLICATE_METHOD_MATCH = YES;
				COPY_PHASE_STRIP = NO;
				DEBUG_INFORMATION_FORMAT = "dwarf-with-dsym";
				ENABLE_NS_ASSERTIONS = NO;
				ENABLE_STRICT_OBJC_MSGSEND = YES;
				GCC_C_LANGUAGE_STANDARD = gnu11;
				GCC_NO_COMMON_BLOCKS = YES;
				GCC_WARN_64_TO_32_BIT_CONVERSION = YES;
				GCC_WARN_ABOUT_RETURN_TYPE = YES_ERROR;
				GCC_WARN_UNDECLARED_SELECTOR = YES;
				GCC_WARN_UNINITIALIZED_AUTOS = YES_AGGRESSIVE;
				GCC_WARN_UNUSED_FUNCTION = YES;
				GCC_WARN_UNUSED_VARIABLE = YES;
				IPHONEOS_DEPLOYMENT_TARGET = 15.4;
				MTL_ENABLE_DEBUG_INFO = NO;
				MTL_FAST_MATH = YES;
				SDKROOT = iphoneos;
				SWIFT_COMPILATION_MODE = wholemodule;
				SWIFT_OPTIMIZATION_LEVEL = "-O";
				VALIDATE_PRODUCT = YES;
			};
			name = Release;
		};
		63255F832908D0DD00318E9F /* Debug */ = {
			isa = XCBuildConfiguration;
			buildSettings = {
				ASSETCATALOG_COMPILER_APPICON_NAME = AppIcon;
				ASSETCATALOG_COMPILER_GLOBAL_ACCENT_COLOR_NAME = AccentColor;
				CODE_SIGN_STYLE = Automatic;
				CURRENT_PROJECT_VERSION = 1;
				GENERATE_INFOPLIST_FILE = YES;
				INFOPLIST_FILE = DemoSwift/Info.plist;
				INFOPLIST_KEY_UIApplicationSupportsIndirectInputEvents = YES;
				INFOPLIST_KEY_UILaunchStoryboardName = LaunchScreen;
				INFOPLIST_KEY_UIMainStoryboardFile = Main;
				INFOPLIST_KEY_UISupportedInterfaceOrientations_iPad = "UIInterfaceOrientationPortrait UIInterfaceOrientationPortraitUpsideDown UIInterfaceOrientationLandscapeLeft UIInterfaceOrientationLandscapeRight";
				INFOPLIST_KEY_UISupportedInterfaceOrientations_iPhone = "UIInterfaceOrientationPortrait UIInterfaceOrientationLandscapeLeft UIInterfaceOrientationLandscapeRight";
				LD_RUNPATH_SEARCH_PATHS = (
					"$(inherited)",
					"@executable_path/Frameworks",
				);
				MARKETING_VERSION = 1.0;
				PRODUCT_BUNDLE_IDENTIFIER = Zoam.DemoSwift;
				PRODUCT_NAME = "$(TARGET_NAME)";
				SWIFT_EMIT_LOC_STRINGS = YES;
				SWIFT_VERSION = 5.0;
				TARGETED_DEVICE_FAMILY = "1,2";
			};
			name = Debug;
		};
		63255F842908D0DD00318E9F /* Release */ = {
			isa = XCBuildConfiguration;
			buildSettings = {
				ASSETCATALOG_COMPILER_APPICON_NAME = AppIcon;
				ASSETCATALOG_COMPILER_GLOBAL_ACCENT_COLOR_NAME = AccentColor;
				CODE_SIGN_STYLE = Automatic;
				CURRENT_PROJECT_VERSION = 1;
				GENERATE_INFOPLIST_FILE = YES;
				INFOPLIST_FILE = DemoSwift/Info.plist;
				INFOPLIST_KEY_UIApplicationSupportsIndirectInputEvents = YES;
				INFOPLIST_KEY_UILaunchStoryboardName = LaunchScreen;
				INFOPLIST_KEY_UIMainStoryboardFile = Main;
				INFOPLIST_KEY_UISupportedInterfaceOrientations_iPad = "UIInterfaceOrientationPortrait UIInterfaceOrientationPortraitUpsideDown UIInterfaceOrientationLandscapeLeft UIInterfaceOrientationLandscapeRight";
				INFOPLIST_KEY_UISupportedInterfaceOrientations_iPhone = "UIInterfaceOrientationPortrait UIInterfaceOrientationLandscapeLeft UIInterfaceOrientationLandscapeRight";
				LD_RUNPATH_SEARCH_PATHS = (
					"$(inherited)",
					"@executable_path/Frameworks",
				);
				MARKETING_VERSION = 1.0;
				PRODUCT_BUNDLE_IDENTIFIER = Zoam.DemoSwift;
				PRODUCT_NAME = "$(TARGET_NAME)";
				SWIFT_EMIT_LOC_STRINGS = YES;
				SWIFT_VERSION = 5.0;
				TARGETED_DEVICE_FAMILY = "1,2";
			};
			name = Release;
		};
		63255F862908D0DD00318E9F /* Debug */ = {
			isa = XCBuildConfiguration;
			buildSettings = {
				ALWAYS_EMBED_SWIFT_STANDARD_LIBRARIES = YES;
				BUNDLE_LOADER = "$(TEST_HOST)";
				CODE_SIGN_STYLE = Automatic;
				CURRENT_PROJECT_VERSION = 1;
				GENERATE_INFOPLIST_FILE = YES;
				IPHONEOS_DEPLOYMENT_TARGET = 15.4;
				MARKETING_VERSION = 1.0;
				PRODUCT_BUNDLE_IDENTIFIER = Zoam.DemoSwiftTests;
				PRODUCT_NAME = "$(TARGET_NAME)";
				SWIFT_EMIT_LOC_STRINGS = NO;
				SWIFT_VERSION = 5.0;
				TARGETED_DEVICE_FAMILY = "1,2";
				TEST_HOST = "$(BUILT_PRODUCTS_DIR)/DemoSwift.app/DemoSwift";
			};
			name = Debug;
		};
		63255F872908D0DD00318E9F /* Release */ = {
			isa = XCBuildConfiguration;
			buildSettings = {
				ALWAYS_EMBED_SWIFT_STANDARD_LIBRARIES = YES;
				BUNDLE_LOADER = "$(TEST_HOST)";
				CODE_SIGN_STYLE = Automatic;
				CURRENT_PROJECT_VERSION = 1;
				GENERATE_INFOPLIST_FILE = YES;
				IPHONEOS_DEPLOYMENT_TARGET = 15.4;
				MARKETING_VERSION = 1.0;
				PRODUCT_BUNDLE_IDENTIFIER = Zoam.DemoSwiftTests;
				PRODUCT_NAME = "$(TARGET_NAME)";
				SWIFT_EMIT_LOC_STRINGS = NO;
				SWIFT_VERSION = 5.0;
				TARGETED_DEVICE_FAMILY = "1,2";
				TEST_HOST = "$(BUILT_PRODUCTS_DIR)/DemoSwift.app/DemoSwift";
			};
			name = Release;
		};
		63255F892908D0DD00318E9F /* Debug */ = {
			isa = XCBuildConfiguration;
			buildSettings = {
				ALWAYS_EMBED_SWIFT_STANDARD_LIBRARIES = YES;
				CODE_SIGN_STYLE = Automatic;
				CURRENT_PROJECT_VERSION = 1;
				GENERATE_INFOPLIST_FILE = YES;
				MARKETING_VERSION = 1.0;
				PRODUCT_BUNDLE_IDENTIFIER = Zoam.DemoSwiftUITests;
				PRODUCT_NAME = "$(TARGET_NAME)";
				SWIFT_EMIT_LOC_STRINGS = NO;
				SWIFT_VERSION = 5.0;
				TARGETED_DEVICE_FAMILY = "1,2";
				TEST_TARGET_NAME = DemoSwift;
			};
			name = Debug;
		};
		63255F8A2908D0DD00318E9F /* Release */ = {
			isa = XCBuildConfiguration;
			buildSettings = {
				ALWAYS_EMBED_SWIFT_STANDARD_LIBRARIES = YES;
				CODE_SIGN_STYLE = Automatic;
				CURRENT_PROJECT_VERSION = 1;
				GENERATE_INFOPLIST_FILE = YES;
				MARKETING_VERSION = 1.0;
				PRODUCT_BUNDLE_IDENTIFIER = Zoam.DemoSwiftUITests;
				PRODUCT_NAME = "$(TARGET_NAME)";
				SWIFT_EMIT_LOC_STRINGS = NO;
				SWIFT_VERSION = 5.0;
				TARGETED_DEVICE_FAMILY = "1,2";
				TEST_TARGET_NAME = DemoSwift;
			};
			name = Release;
		};
/* End XCBuildConfiguration section */

/* Begin XCConfigurationList section */
		63255F502908D0DB00318E9F /* Build configuration list for PBXProject "DemoSwift" */ = {
			isa = XCConfigurationList;
			buildConfigurations = (
				63255F802908D0DD00318E9F /* Debug */,
				63255F812908D0DD00318E9F /* Release */,
			);
			defaultConfigurationIsVisible = 0;
			defaultConfigurationName = Release;
		};
		63255F822908D0DD00318E9F /* Build configuration list for PBXNativeTarget "DemoSwift" */ = {
			isa = XCConfigurationList;
			buildConfigurations = (
				63255F832908D0DD00318E9F /* Debug */,
				63255F842908D0DD00318E9F /* Release */,
			);
			defaultConfigurationIsVisible = 0;
			defaultConfigurationName = Release;
		};
		63255F852908D0DD00318E9F /* Build configuration list for PBXNativeTarget "DemoSwiftTests" */ = {
			isa = XCConfigurationList;
			buildConfigurations = (
				63255F862908D0DD00318E9F /* Debug */,
				63255F872908D0DD00318E9F /* Release */,
			);
			defaultConfigurationIsVisible = 0;
			defaultConfigurationName = Release;
		};
		63255F882908D0DD00318E9F /* Build configuration list for PBXNativeTarget "DemoSwiftUITests" */ = {
			isa = XCConfigurationList;
			buildConfigurations = (
				63255F892908D0DD00318E9F /* Debug */,
				63255F8A2908D0DD00318E9F /* Release */,
			);
			defaultConfigurationIsVisible = 0;
			defaultConfigurationName = Release;
		};
/* End XCConfigurationList section */

/* Begin XCVersionGroup section */
		63255F612908D0DB00318E9F /* DemoSwift.xcdatamodeld */ = {
			isa = XCVersionGroup;
			children = (
				63255F622908D0DB00318E9F /* DemoSwift.xcdatamodel */,
			);
			currentVersion = 63255F622908D0DB00318E9F /* DemoSwift.xcdatamodel */;
			path = DemoSwift.xcdatamodeld;
			sourceTree = "<group>";
			versionGroupType = wrapper.xcdatamodel;
		};
/* End XCVersionGroup section */
	};
	rootObject = 63255F4D2908D0DB00318E9F /* Project object */;
}
